
Microsoft Visual Studio Solution File, Format Version 12.00
# Visual Studio Version 16
VisualStudioVersion = 16.0.29519.181
MinimumVisualStudioVersion = 10.0.40219.1
Project("{FAE04EC0-301F-11D3-BF4B-00C04F79EFBC}") = "CyberSnake", "CyberSnake\CyberSnake.csproj", "{9A6A1164-9BBE-45FE-A717-0E80FE599915}"
EndProject
Global
	GlobalSection(SolutionConfigurationPlatforms) = preSolution
		Debug|Any CPU = Debug|Any CPU
		Release|Any CPU = Release|Any CPU
	EndGlobalSection
	GlobalSection(ProjectConfigurationPlatforms) = postSolution
		{9A6A1164-9BBE-45FE-A717-0E80FE599915}.Debug|Any CPU.ActiveCfg = Debug|Any CPU
		{9A6A1164-9BBE-45FE-A717-0E80FE599915}.Debug|Any CPU.Build.0 = Debug|Any CPU
		{9A6A1164-9BBE-45FE-A717-0E80FE599915}.Release|Any CPU.ActiveCfg = Release|Any CPU
		{9A6A1164-9BBE-45FE-A717-0E80FE599915}.Release|Any CPU.Build.0 = Release|Any CPU
	EndGlobalSection
	GlobalSection(SolutionProperties) = preSolution
		HideSolutionNode = FALSE
	EndGlobalSection
	GlobalSection(ExtensibilityGlobals) = postSolution
		SolutionGuid = {8FE77554-BD15-4F62-B549-83FA5420532F}
	EndGlobalSection
EndGlobal
